
Microsoft Visual Studio Solution File, Format Version 12.00
# Visual Studio Version 17
VisualStudioVersion = 17.0.31903.59
MinimumVisualStudioVersion = 10.0.40219.1
Project("{2150E333-8FDC-42A3-9474-1A3956D46DE8}") = "src", "src", "{56FFF6BB-57EA-4534-98CC-CCB315B1CB5C}"
EndProject
Project("{FAE04EC0-301F-11D3-BF4B-00C04F79EFBC}") = "SHJ.BaseSwagger", "src\SHJ.BaseSwagger\SHJ.BaseSwagger.csproj", "{52BDE2DF-946A-4CF3-91C0-8940B5A0DC4E}"
EndProject
Project("{2150E333-8FDC-42A3-9474-1A3956D46DE8}") = "Samples", "Samples", "{9A6F1A1F-2B3D-4E9D-87B0-605C7F7A2EF4}"
EndProject
Project("{FAE04EC0-301F-11D3-BF4B-00C04F79EFBC}") = "SHJ.BaseSwaggerSample", "Sample\SHJ.BaseSwaggerSample\SHJ.BaseSwaggerSample.csproj", "{4BFC032E-EB6C-4362-92EE-66CE726A6FB3}"
EndProject
Global
	GlobalSection(SolutionConfigurationPlatforms) = preSolution
		Debug|Any CPU = Debug|Any CPU
		Release|Any CPU = Release|Any CPU
	EndGlobalSection
	GlobalSection(ProjectConfigurationPlatforms) = postSolution
		{52BDE2DF-946A-4CF3-91C0-8940B5A0DC4E}.Debug|Any CPU.ActiveCfg = Debug|Any CPU
		{52BDE2DF-946A-4CF3-91C0-8940B5A0DC4E}.Debug|Any CPU.Build.0 = Debug|Any CPU
		{52BDE2DF-946A-4CF3-91C0-8940B5A0DC4E}.Release|Any CPU.ActiveCfg = Release|Any CPU
		{52BDE2DF-946A-4CF3-91C0-8940B5A0DC4E}.Release|Any CPU.Build.0 = Release|Any CPU
		{4BFC032E-EB6C-4362-92EE-66CE726A6FB3}.Debug|Any CPU.ActiveCfg = Debug|Any CPU
		{4BFC032E-EB6C-4362-92EE-66CE726A6FB3}.Debug|Any CPU.Build.0 = Debug|Any CPU
		{4BFC032E-EB6C-4362-92EE-66CE726A6FB3}.Release|Any CPU.ActiveCfg = Release|Any CPU
		{4BFC032E-EB6C-4362-92EE-66CE726A6FB3}.Release|Any CPU.Build.0 = Release|Any CPU
	EndGlobalSection
	GlobalSection(SolutionProperties) = preSolution
		HideSolutionNode = FALSE
	EndGlobalSection
	GlobalSection(NestedProjects) = preSolution
		{52BDE2DF-946A-4CF3-91C0-8940B5A0DC4E} = {56FFF6BB-57EA-4534-98CC-CCB315B1CB5C}
		{4BFC032E-EB6C-4362-92EE-66CE726A6FB3} = {9A6F1A1F-2B3D-4E9D-87B0-605C7F7A2EF4}
	EndGlobalSection
	GlobalSection(ExtensibilityGlobals) = postSolution
		SolutionGuid = {EF8F029F-DDFC-4CD4-BCC7-7E02272C109F}
	EndGlobalSection
EndGlobal
